
Microsoft Visual Studio Solution File, Format Version 12.00
# Visual Studio Version 17
VisualStudioVersion = 17.10.34916.146
MinimumVisualStudioVersion = 10.0.40219.1
Project("{8BC9CEB8-8B4A-11D0-8D11-00A0C91BC942}") = "山东大学青岛校区餐厅反馈系统", "山东大学青岛校区餐厅反馈系统\山东大学青岛校区餐厅反馈系统.vcxproj", "{69B18C5B-53E7-45DB-9C83-18D7E6FC6AB1}"
EndProject
Project("{54435603-DBB4-11D2-8724-00A0C9A8B90C}") = "食堂反馈系统", "食堂反馈系统\食堂反馈系统.vdproj", "{0B8FBE8F-CC3D-456B-87A6-9B4C17DC641E}"
EndProject
Global
	GlobalSection(SolutionConfigurationPlatforms) = preSolution
		Debug|x64 = Debug|x64
		Debug|x86 = Debug|x86
		Release|x64 = Release|x64
		Release|x86 = Release|x86
	EndGlobalSection
	GlobalSection(ProjectConfigurationPlatforms) = postSolution
		{69B18C5B-53E7-45DB-9C83-18D7E6FC6AB1}.Debug|x64.ActiveCfg = Debug|x64
		{69B18C5B-53E7-45DB-9C83-18D7E6FC6AB1}.Debug|x64.Build.0 = Debug|x64
		{69B18C5B-53E7-45DB-9C83-18D7E6FC6AB1}.Debug|x86.ActiveCfg = Debug|Win32
		{69B18C5B-53E7-45DB-9C83-18D7E6FC6AB1}.Debug|x86.Build.0 = Debug|Win32
		{69B18C5B-53E7-45DB-9C83-18D7E6FC6AB1}.Release|x64.ActiveCfg = Release|x64
		{69B18C5B-53E7-45DB-9C83-18D7E6FC6AB1}.Release|x64.Build.0 = Release|x64
		{69B18C5B-53E7-45DB-9C83-18D7E6FC6AB1}.Release|x86.ActiveCfg = Release|Win32
		{69B18C5B-53E7-45DB-9C83-18D7E6FC6AB1}.Release|x86.Build.0 = Release|Win32
		{0B8FBE8F-CC3D-456B-87A6-9B4C17DC641E}.Debug|x64.ActiveCfg = Debug
		{0B8FBE8F-CC3D-456B-87A6-9B4C17DC641E}.Debug|x86.ActiveCfg = Debug
		{0B8FBE8F-CC3D-456B-87A6-9B4C17DC641E}.Release|x64.ActiveCfg = Release
		{0B8FBE8F-CC3D-456B-87A6-9B4C17DC641E}.Release|x86.ActiveCfg = Release
	EndGlobalSection
	GlobalSection(SolutionProperties) = preSolution
		HideSolutionNode = FALSE
	EndGlobalSection
	GlobalSection(ExtensibilityGlobals) = postSolution
		SolutionGuid = {E84915EF-9593-44F4-9E3D-C08295F422AF}
	EndGlobalSection
EndGlobal
